// !$*UTF8*$!
{
	archiveVersion = 1;
	classes = {
	};
	objectVersion = 56;
	objects = {

/* Begin PBXBuildFile section */
		4900C20E29E00EEC000C4355 /* LikeRepository.swift in Sources */ = {isa = PBXBuildFile; fileRef = 4900C20D29E00EEC000C4355 /* LikeRepository.swift */; };
		4900C21029E0124A000C4355 /* CommentRepository.swift in Sources */ = {isa = PBXBuildFile; fileRef = 4900C20F29E0124A000C4355 /* CommentRepository.swift */; };
		4900C21229E01335000C4355 /* Int.swift in Sources */ = {isa = PBXBuildFile; fileRef = 4900C21129E01335000C4355 /* Int.swift */; };
		4900C21429E01480000C4355 /* LikeModel.swift in Sources */ = {isa = PBXBuildFile; fileRef = 4900C21329E01480000C4355 /* LikeModel.swift */; };
		4900C21629E044AA000C4355 /* CommentModel.swift in Sources */ = {isa = PBXBuildFile; fileRef = 4900C21529E044AA000C4355 /* CommentModel.swift */; };
		4900C21829E04E02000C4355 /* PostCommentSheet.swift in Sources */ = {isa = PBXBuildFile; fileRef = 4900C21729E04E02000C4355 /* PostCommentSheet.swift */; };
		4904CA0629D30DA2005D1AA3 /* SearchProfileSheet.swift in Sources */ = {isa = PBXBuildFile; fileRef = 4904CA0529D30DA2005D1AA3 /* SearchProfileSheet.swift */; };
		4904CA0829D32352005D1AA3 /* Tabs.swift in Sources */ = {isa = PBXBuildFile; fileRef = 4904CA0729D32352005D1AA3 /* Tabs.swift */; };
		490CE8A729CA2A7B00BD2DCD /* Checkbox.swift in Sources */ = {isa = PBXBuildFile; fileRef = 490CE8A629CA2A7B00BD2DCD /* Checkbox.swift */; };
		491AD02029DEB89A002212BF /* PostRepository.swift in Sources */ = {isa = PBXBuildFile; fileRef = 491AD01F29DEB89A002212BF /* PostRepository.swift */; };
		491AD02229DEB934002212BF /* PostModel.swift in Sources */ = {isa = PBXBuildFile; fileRef = 491AD02129DEB934002212BF /* PostModel.swift */; };
		491AD02529DECD65002212BF /* DateFormatter.swift in Sources */ = {isa = PBXBuildFile; fileRef = 491AD02429DECD65002212BF /* DateFormatter.swift */; };
		4927787829D43DC300DDB789 /* UserProfile.swift in Sources */ = {isa = PBXBuildFile; fileRef = 4927787729D43DC300DDB789 /* UserProfile.swift */; };
		4927787B29D43F6300DDB789 /* ProfileScreen.swift in Sources */ = {isa = PBXBuildFile; fileRef = 4927787A29D43F6300DDB789 /* ProfileScreen.swift */; };
		4927787D29D4507700DDB789 /* SettingsScreen.swift in Sources */ = {isa = PBXBuildFile; fileRef = 4927787C29D4507700DDB789 /* SettingsScreen.swift */; };
		493DF1EB29D830B600BDD51D /* PostSheet.swift in Sources */ = {isa = PBXBuildFile; fileRef = 493DF1EA29D830B600BDD51D /* PostSheet.swift */; };
		493DF1ED29D83A6500BDD51D /* Shadow.swift in Sources */ = {isa = PBXBuildFile; fileRef = 493DF1EC29D83A6500BDD51D /* Shadow.swift */; };
		49404B8229E17C260045D84D /* UserProfileViewModel.swift in Sources */ = {isa = PBXBuildFile; fileRef = 49404B8129E17C260045D84D /* UserProfileViewModel.swift */; };
		4955F6D729CC98AF00DAD480 /* HomeScreen.swift in Sources */ = {isa = PBXBuildFile; fileRef = 4955F6D629CC98AF00DAD480 /* HomeScreen.swift */; };
		495A7A0529D9A43100347204 /* PostComment.swift in Sources */ = {isa = PBXBuildFile; fileRef = 495A7A0429D9A43100347204 /* PostComment.swift */; };
		495E757729DAC5B10026AE2F /* AddPostSheet.swift in Sources */ = {isa = PBXBuildFile; fileRef = 495E757629DAC5B10026AE2F /* AddPostSheet.swift */; };
		495E757929DB01E90026AE2F /* Editor.swift in Sources */ = {isa = PBXBuildFile; fileRef = 495E757829DB01E90026AE2F /* Editor.swift */; };
		497C2D7C29C9A97F006BECF2 /* Colors.swift in Sources */ = {isa = PBXBuildFile; fileRef = 497C2D7B29C9A97F006BECF2 /* Colors.swift */; };
		497C2D8129C9B014006BECF2 /* GoogleService-Info.plist in Resources */ = {isa = PBXBuildFile; fileRef = 497C2D8029C9B014006BECF2 /* GoogleService-Info.plist */; };
		497C2D8429C9B0E6006BECF2 /* AuthService.swift in Sources */ = {isa = PBXBuildFile; fileRef = 497C2D8329C9B0E6006BECF2 /* AuthService.swift */; };
		497C2D8829C9B405006BECF2 /* LoginScreen.swift in Sources */ = {isa = PBXBuildFile; fileRef = 497C2D8729C9B405006BECF2 /* LoginScreen.swift */; };
		499C0B1229D70AA100C70388 /* EditProfile.swift in Sources */ = {isa = PBXBuildFile; fileRef = 499C0B1129D70AA100C70388 /* EditProfile.swift */; };
		499C0B1429D70E4500C70388 /* EditProfileSheet.swift in Sources */ = {isa = PBXBuildFile; fileRef = 499C0B1329D70E4500C70388 /* EditProfileSheet.swift */; };
		49B62E1429D09E3E00E22F71 /* NotificationScreen.swift in Sources */ = {isa = PBXBuildFile; fileRef = 49B62E1329D09E3E00E22F71 /* NotificationScreen.swift */; };
		49B62E1629D0AADD00E22F71 /* NotificationCard.swift in Sources */ = {isa = PBXBuildFile; fileRef = 49B62E1529D0AADD00E22F71 /* NotificationCard.swift */; };
		49B62E1829D1B90500E22F71 /* NavigationTitle.swift in Sources */ = {isa = PBXBuildFile; fileRef = 49B62E1729D1B90500E22F71 /* NavigationTitle.swift */; };
		49B62E1B29D1C08D00E22F71 /* PopularScreen.swift in Sources */ = {isa = PBXBuildFile; fileRef = 49B62E1A29D1C08D00E22F71 /* PopularScreen.swift */; };
		49B62E1D29D1C0A500E22F71 /* LatestScreen.swift in Sources */ = {isa = PBXBuildFile; fileRef = 49B62E1C29D1C0A500E22F71 /* LatestScreen.swift */; };
		49B62E2029D1C87400E22F71 /* SearchScreen.swift in Sources */ = {isa = PBXBuildFile; fileRef = 49B62E1F29D1C87400E22F71 /* SearchScreen.swift */; };
		49B62E2229D1D1D100E22F71 /* UserCard.swift in Sources */ = {isa = PBXBuildFile; fileRef = 49B62E2129D1D1D100E22F71 /* UserCard.swift */; };
		49BA6C4629CEEFCB00C24E9F /* RemoteImage.swift in Sources */ = {isa = PBXBuildFile; fileRef = 49BA6C4529CEEFCB00C24E9F /* RemoteImage.swift */; };
		49BA6C4929CF22D300C24E9F /* VerticalCard.swift in Sources */ = {isa = PBXBuildFile; fileRef = 49BA6C4829CF22D200C24E9F /* VerticalCard.swift */; };
		49BA6C4B29CF298C00C24E9F /* CardInfo.swift in Sources */ = {isa = PBXBuildFile; fileRef = 49BA6C4A29CF298C00C24E9F /* CardInfo.swift */; };
		49BA6C4D29CF2A6400C24E9F /* HorizontalCard.swift in Sources */ = {isa = PBXBuildFile; fileRef = 49BA6C4C29CF2A6400C24E9F /* HorizontalCard.swift */; };
		49BA6C4F29CF2C2F00C24E9F /* NavBar.swift in Sources */ = {isa = PBXBuildFile; fileRef = 49BA6C4E29CF2C2F00C24E9F /* NavBar.swift */; };
		49D1AC8529CB096E004A651C /* SplashScreen.swift in Sources */ = {isa = PBXBuildFile; fileRef = 49D1AC8429CB096E004A651C /* SplashScreen.swift */; };
		49D1AC8729CB0F8C004A651C /* AuthorizedScreen.swift in Sources */ = {isa = PBXBuildFile; fileRef = 49D1AC8629CB0F8C004A651C /* AuthorizedScreen.swift */; };
		49D1AC8A29CB104E004A651C /* AccountInitialization.swift in Sources */ = {isa = PBXBuildFile; fileRef = 49D1AC8929CB104E004A651C /* AccountInitialization.swift */; };
		49D1AC8C29CB1269004A651C /* InitializationFirstStep.swift in Sources */ = {isa = PBXBuildFile; fileRef = 49D1AC8B29CB1269004A651C /* InitializationFirstStep.swift */; };
		49D1AC8E29CB1280004A651C /* InitializationSecondStep.swift in Sources */ = {isa = PBXBuildFile; fileRef = 49D1AC8D29CB1280004A651C /* InitializationSecondStep.swift */; };
		49D1AC9329CB37E5004A651C /* UserRepository.swift in Sources */ = {isa = PBXBuildFile; fileRef = 49D1AC9229CB37E5004A651C /* UserRepository.swift */; };
		49D1AC9629CB4118004A651C /* FollowViewModel.swift in Sources */ = {isa = PBXBuildFile; fileRef = 49D1AC9529CB4118004A651C /* FollowViewModel.swift */; };
		49D1AC9C29CB56B9004A651C /* WrappingStack in Frameworks */ = {isa = PBXBuildFile; productRef = 49D1AC9B29CB56B9004A651C /* WrappingStack */; };
		49D1AC9F29CB9310004A651C /* UserModel.swift in Sources */ = {isa = PBXBuildFile; fileRef = 49D1AC9E29CB9310004A651C /* UserModel.swift */; };
		49D1ACA129CB9331004A651C /* FollowModel.swift in Sources */ = {isa = PBXBuildFile; fileRef = 49D1ACA029CB9331004A651C /* FollowModel.swift */; };
		49D1ACA629CB9981004A651C /* FirebaseAuth in Frameworks */ = {isa = PBXBuildFile; productRef = 49D1ACA529CB9981004A651C /* FirebaseAuth */; };
		49D1ACA829CB9981004A651C /* FirebaseFirestore in Frameworks */ = {isa = PBXBuildFile; productRef = 49D1ACA729CB9981004A651C /* FirebaseFirestore */; };
		49D1ACAA29CB9981004A651C /* FirebaseFirestoreSwift in Frameworks */ = {isa = PBXBuildFile; productRef = 49D1ACA929CB9981004A651C /* FirebaseFirestoreSwift */; };
		49D1ACAC29CB9981004A651C /* FirebaseStorage in Frameworks */ = {isa = PBXBuildFile; productRef = 49D1ACAB29CB9981004A651C /* FirebaseStorage */; };
		49D1ACAE29CB9A8D004A651C /* Storage.swift in Sources */ = {isa = PBXBuildFile; fileRef = 49D1ACAD29CB9A8D004A651C /* Storage.swift */; };
		49D1ACB029CBA696004A651C /* Avatar.swift in Sources */ = {isa = PBXBuildFile; fileRef = 49D1ACAF29CBA696004A651C /* Avatar.swift */; };
		49DE5EC729C9BE5300CAA06A /* Router.swift in Sources */ = {isa = PBXBuildFile; fileRef = 49DE5EC629C9BE5300CAA06A /* Router.swift */; };
		49DE5EC929C9BF1C00CAA06A /* NonAuthorizedScreen.swift in Sources */ = {isa = PBXBuildFile; fileRef = 49DE5EC829C9BF1C00CAA06A /* NonAuthorizedScreen.swift */; };
		49DE5ECB29C9C01D00CAA06A /* RegistrationScreen.swift in Sources */ = {isa = PBXBuildFile; fileRef = 49DE5ECA29C9C01D00CAA06A /* RegistrationScreen.swift */; };
		49DE5ED329C9D90000CAA06A /* Poppins-Regular.ttf in Resources */ = {isa = PBXBuildFile; fileRef = 49DE5ED029C9D8FF00CAA06A /* Poppins-Regular.ttf */; };
		49DE5ED429C9D90000CAA06A /* Poppins-Bold.ttf in Resources */ = {isa = PBXBuildFile; fileRef = 49DE5ED129C9D8FF00CAA06A /* Poppins-Bold.ttf */; };
		49DE5ED529C9D90000CAA06A /* Poppins-SemiBold.ttf in Resources */ = {isa = PBXBuildFile; fileRef = 49DE5ED229C9D8FF00CAA06A /* Poppins-SemiBold.ttf */; };
		49DE5ED929C9DAF400CAA06A /* PoppinsFont.swift in Sources */ = {isa = PBXBuildFile; fileRef = 49DE5ED829C9DAF400CAA06A /* PoppinsFont.swift */; };
		49DE5EDC29C9DFE700CAA06A /* Input.swift in Sources */ = {isa = PBXBuildFile; fileRef = 49DE5EDB29C9DFE700CAA06A /* Input.swift */; };
		49DE5EDE29C9E0A800CAA06A /* Placeholder.swift in Sources */ = {isa = PBXBuildFile; fileRef = 49DE5EDD29C9E0A800CAA06A /* Placeholder.swift */; };
		49DE5EE029C9E66E00CAA06A /* Button.swift in Sources */ = {isa = PBXBuildFile; fileRef = 49DE5EDF29C9E66E00CAA06A /* Button.swift */; };
		49DE5EE429C9F4F600CAA06A /* AuthForm.swift in Sources */ = {isa = PBXBuildFile; fileRef = 49DE5EE329C9F4F600CAA06A /* AuthForm.swift */; };
		49E3001B29C8E7B20034CE20 /* NewsAppApp.swift in Sources */ = {isa = PBXBuildFile; fileRef = 49E3001A29C8E7B20034CE20 /* NewsAppApp.swift */; };
		49E3001D29C8E7B20034CE20 /* ContentView.swift in Sources */ = {isa = PBXBuildFile; fileRef = 49E3001C29C8E7B20034CE20 /* ContentView.swift */; };
		49E3001F29C8E7B40034CE20 /* Assets.xcassets in Resources */ = {isa = PBXBuildFile; fileRef = 49E3001E29C8E7B40034CE20 /* Assets.xcassets */; };
		49E3002229C8E7B40034CE20 /* Preview Assets.xcassets in Resources */ = {isa = PBXBuildFile; fileRef = 49E3002129C8E7B40034CE20 /* Preview Assets.xcassets */; };
		49E3F81229D433BB00A87F69 /* BookmarkScreen.swift in Sources */ = {isa = PBXBuildFile; fileRef = 49E3F81129D433BB00A87F69 /* BookmarkScreen.swift */; };
		49E620D729DDE7C0004BB0D9 /* FollowersFollowingSheet.swift in Sources */ = {isa = PBXBuildFile; fileRef = 49E620D629DDE7C0004BB0D9 /* FollowersFollowingSheet.swift */; };
		49E620D929DDECF0004BB0D9 /* FollowRepository.swift in Sources */ = {isa = PBXBuildFile; fileRef = 49E620D829DDECF0004BB0D9 /* FollowRepository.swift */; };
/* End PBXBuildFile section */

/* Begin PBXFileReference section */
		4900C20D29E00EEC000C4355 /* LikeRepository.swift */ = {isa = PBXFileReference; lastKnownFileType = sourcecode.swift; path = LikeRepository.swift; sourceTree = "<group>"; };
		4900C20F29E0124A000C4355 /* CommentRepository.swift */ = {isa = PBXFileReference; lastKnownFileType = sourcecode.swift; path = CommentRepository.swift; sourceTree = "<group>"; };
		4900C21129E01335000C4355 /* Int.swift */ = {isa = PBXFileReference; lastKnownFileType = sourcecode.swift; path = Int.swift; sourceTree = "<group>"; };
		4900C21329E01480000C4355 /* LikeModel.swift */ = {isa = PBXFileReference; lastKnownFileType = sourcecode.swift; path = LikeModel.swift; sourceTree = "<group>"; };
		4900C21529E044AA000C4355 /* CommentModel.swift */ = {isa = PBXFileReference; lastKnownFileType = sourcecode.swift; path = CommentModel.swift; sourceTree = "<group>"; };
		4900C21729E04E02000C4355 /* PostCommentSheet.swift */ = {isa = PBXFileReference; lastKnownFileType = sourcecode.swift; path = PostCommentSheet.swift; sourceTree = "<group>"; };
		4904CA0529D30DA2005D1AA3 /* SearchProfileSheet.swift */ = {isa = PBXFileReference; lastKnownFileType = sourcecode.swift; path = SearchProfileSheet.swift; sourceTree = "<group>"; };
		4904CA0729D32352005D1AA3 /* Tabs.swift */ = {isa = PBXFileReference; lastKnownFileType = sourcecode.swift; path = Tabs.swift; sourceTree = "<group>"; };
		490CE8A629CA2A7B00BD2DCD /* Checkbox.swift */ = {isa = PBXFileReference; lastKnownFileType = sourcecode.swift; path = Checkbox.swift; sourceTree = "<group>"; };
		491AD01F29DEB89A002212BF /* PostRepository.swift */ = {isa = PBXFileReference; lastKnownFileType = sourcecode.swift; path = PostRepository.swift; sourceTree = "<group>"; };
		491AD02129DEB934002212BF /* PostModel.swift */ = {isa = PBXFileReference; lastKnownFileType = sourcecode.swift; path = PostModel.swift; sourceTree = "<group>"; };
		491AD02429DECD65002212BF /* DateFormatter.swift */ = {isa = PBXFileReference; lastKnownFileType = sourcecode.swift; path = DateFormatter.swift; sourceTree = "<group>"; };
		4927787729D43DC300DDB789 /* UserProfile.swift */ = {isa = PBXFileReference; lastKnownFileType = sourcecode.swift; path = UserProfile.swift; sourceTree = "<group>"; };
		4927787A29D43F6300DDB789 /* ProfileScreen.swift */ = {isa = PBXFileReference; lastKnownFileType = sourcecode.swift; path = ProfileScreen.swift; sourceTree = "<group>"; };
		4927787C29D4507700DDB789 /* SettingsScreen.swift */ = {isa = PBXFileReference; lastKnownFileType = sourcecode.swift; path = SettingsScreen.swift; sourceTree = "<group>"; };
		493DF1EA29D830B600BDD51D /* PostSheet.swift */ = {isa = PBXFileReference; lastKnownFileType = sourcecode.swift; path = PostSheet.swift; sourceTree = "<group>"; };
		493DF1EC29D83A6500BDD51D /* Shadow.swift */ = {isa = PBXFileReference; lastKnownFileType = sourcecode.swift; path = Shadow.swift; sourceTree = "<group>"; };
		49404B8129E17C260045D84D /* UserProfileViewModel.swift */ = {isa = PBXFileReference; lastKnownFileType = sourcecode.swift; path = UserProfileViewModel.swift; sourceTree = "<group>"; };
		4955F6D629CC98AF00DAD480 /* HomeScreen.swift */ = {isa = PBXFileReference; lastKnownFileType = sourcecode.swift; path = HomeScreen.swift; sourceTree = "<group>"; };
		495A7A0429D9A43100347204 /* PostComment.swift */ = {isa = PBXFileReference; lastKnownFileType = sourcecode.swift; path = PostComment.swift; sourceTree = "<group>"; };
		495E757629DAC5B10026AE2F /* AddPostSheet.swift */ = {isa = PBXFileReference; lastKnownFileType = sourcecode.swift; path = AddPostSheet.swift; sourceTree = "<group>"; };
		495E757829DB01E90026AE2F /* Editor.swift */ = {isa = PBXFileReference; lastKnownFileType = sourcecode.swift; path = Editor.swift; sourceTree = "<group>"; };
		497C2D7B29C9A97F006BECF2 /* Colors.swift */ = {isa = PBXFileReference; lastKnownFileType = sourcecode.swift; path = Colors.swift; sourceTree = "<group>"; };
		497C2D8029C9B014006BECF2 /* GoogleService-Info.plist */ = {isa = PBXFileReference; fileEncoding = 4; lastKnownFileType = text.plist.xml; path = "GoogleService-Info.plist"; sourceTree = "<group>"; };
		497C2D8329C9B0E6006BECF2 /* AuthService.swift */ = {isa = PBXFileReference; lastKnownFileType = sourcecode.swift; path = AuthService.swift; sourceTree = "<group>"; };
		497C2D8729C9B405006BECF2 /* LoginScreen.swift */ = {isa = PBXFileReference; lastKnownFileType = sourcecode.swift; path = LoginScreen.swift; sourceTree = "<group>"; };
		499C0B1129D70AA100C70388 /* EditProfile.swift */ = {isa = PBXFileReference; lastKnownFileType = sourcecode.swift; path = EditProfile.swift; sourceTree = "<group>"; };
		499C0B1329D70E4500C70388 /* EditProfileSheet.swift */ = {isa = PBXFileReference; lastKnownFileType = sourcecode.swift; path = EditProfileSheet.swift; sourceTree = "<group>"; };
		49B62E1329D09E3E00E22F71 /* NotificationScreen.swift */ = {isa = PBXFileReference; lastKnownFileType = sourcecode.swift; path = NotificationScreen.swift; sourceTree = "<group>"; };
		49B62E1529D0AADD00E22F71 /* NotificationCard.swift */ = {isa = PBXFileReference; lastKnownFileType = sourcecode.swift; path = NotificationCard.swift; sourceTree = "<group>"; };
		49B62E1729D1B90500E22F71 /* NavigationTitle.swift */ = {isa = PBXFileReference; lastKnownFileType = sourcecode.swift; path = NavigationTitle.swift; sourceTree = "<group>"; };
		49B62E1A29D1C08D00E22F71 /* PopularScreen.swift */ = {isa = PBXFileReference; lastKnownFileType = sourcecode.swift; path = PopularScreen.swift; sourceTree = "<group>"; };
		49B62E1C29D1C0A500E22F71 /* LatestScreen.swift */ = {isa = PBXFileReference; lastKnownFileType = sourcecode.swift; path = LatestScreen.swift; sourceTree = "<group>"; };
		49B62E1F29D1C87400E22F71 /* SearchScreen.swift */ = {isa = PBXFileReference; lastKnownFileType = sourcecode.swift; path = SearchScreen.swift; sourceTree = "<group>"; };
		49B62E2129D1D1D100E22F71 /* UserCard.swift */ = {isa = PBXFileReference; lastKnownFileType = sourcecode.swift; path = UserCard.swift; sourceTree = "<group>"; };
		49BA6C4529CEEFCB00C24E9F /* RemoteImage.swift */ = {isa = PBXFileReference; lastKnownFileType = sourcecode.swift; path = RemoteImage.swift; sourceTree = "<group>"; };
		49BA6C4829CF22D200C24E9F /* VerticalCard.swift */ = {isa = PBXFileReference; lastKnownFileType = sourcecode.swift; path = VerticalCard.swift; sourceTree = "<group>"; };
		49BA6C4A29CF298C00C24E9F /* CardInfo.swift */ = {isa = PBXFileReference; lastKnownFileType = sourcecode.swift; path = CardInfo.swift; sourceTree = "<group>"; };
		49BA6C4C29CF2A6400C24E9F /* HorizontalCard.swift */ = {isa = PBXFileReference; lastKnownFileType = sourcecode.swift; path = HorizontalCard.swift; sourceTree = "<group>"; };
		49BA6C4E29CF2C2F00C24E9F /* NavBar.swift */ = {isa = PBXFileReference; lastKnownFileType = sourcecode.swift; path = NavBar.swift; sourceTree = "<group>"; };
		49D1AC8429CB096E004A651C /* SplashScreen.swift */ = {isa = PBXFileReference; lastKnownFileType = sourcecode.swift; path = SplashScreen.swift; sourceTree = "<group>"; };
		49D1AC8629CB0F8C004A651C /* AuthorizedScreen.swift */ = {isa = PBXFileReference; lastKnownFileType = sourcecode.swift; path = AuthorizedScreen.swift; sourceTree = "<group>"; };
		49D1AC8929CB104E004A651C /* AccountInitialization.swift */ = {isa = PBXFileReference; lastKnownFileType = sourcecode.swift; path = AccountInitialization.swift; sourceTree = "<group>"; };
		49D1AC8B29CB1269004A651C /* InitializationFirstStep.swift */ = {isa = PBXFileReference; lastKnownFileType = sourcecode.swift; path = InitializationFirstStep.swift; sourceTree = "<group>"; };
		49D1AC8D29CB1280004A651C /* InitializationSecondStep.swift */ = {isa = PBXFileReference; lastKnownFileType = sourcecode.swift; path = InitializationSecondStep.swift; sourceTree = "<group>"; };
		49D1AC9229CB37E5004A651C /* UserRepository.swift */ = {isa = PBXFileReference; lastKnownFileType = sourcecode.swift; path = UserRepository.swift; sourceTree = "<group>"; };
		49D1AC9529CB4118004A651C /* FollowViewModel.swift */ = {isa = PBXFileReference; lastKnownFileType = sourcecode.swift; path = FollowViewModel.swift; sourceTree = "<group>"; };
		49D1AC9E29CB9310004A651C /* UserModel.swift */ = {isa = PBXFileReference; lastKnownFileType = sourcecode.swift; path = UserModel.swift; sourceTree = "<group>"; };
		49D1ACA029CB9331004A651C /* FollowModel.swift */ = {isa = PBXFileReference; lastKnownFileType = sourcecode.swift; path = FollowModel.swift; sourceTree = "<group>"; };
		49D1ACAD29CB9A8D004A651C /* Storage.swift */ = {isa = PBXFileReference; lastKnownFileType = sourcecode.swift; path = Storage.swift; sourceTree = "<group>"; };
		49D1ACAF29CBA696004A651C /* Avatar.swift */ = {isa = PBXFileReference; lastKnownFileType = sourcecode.swift; path = Avatar.swift; sourceTree = "<group>"; };
		49DE5EC629C9BE5300CAA06A /* Router.swift */ = {isa = PBXFileReference; fileEncoding = 4; lastKnownFileType = sourcecode.swift; path = Router.swift; sourceTree = "<group>"; };
		49DE5EC829C9BF1C00CAA06A /* NonAuthorizedScreen.swift */ = {isa = PBXFileReference; lastKnownFileType = sourcecode.swift; path = NonAuthorizedScreen.swift; sourceTree = "<group>"; };
		49DE5ECA29C9C01D00CAA06A /* RegistrationScreen.swift */ = {isa = PBXFileReference; lastKnownFileType = sourcecode.swift; path = RegistrationScreen.swift; sourceTree = "<group>"; };
		49DE5ED029C9D8FF00CAA06A /* Poppins-Regular.ttf */ = {isa = PBXFileReference; lastKnownFileType = file; path = "Poppins-Regular.ttf"; sourceTree = "<group>"; };
		49DE5ED129C9D8FF00CAA06A /* Poppins-Bold.ttf */ = {isa = PBXFileReference; lastKnownFileType = file; path = "Poppins-Bold.ttf"; sourceTree = "<group>"; };
		49DE5ED229C9D8FF00CAA06A /* Poppins-SemiBold.ttf */ = {isa = PBXFileReference; lastKnownFileType = file; path = "Poppins-SemiBold.ttf"; sourceTree = "<group>"; };
		49DE5ED629C9DA0700CAA06A /* Info.plist */ = {isa = PBXFileReference; lastKnownFileType = text.plist; path = Info.plist; sourceTree = "<group>"; };
		49DE5ED829C9DAF400CAA06A /* PoppinsFont.swift */ = {isa = PBXFileReference; lastKnownFileType = sourcecode.swift; path = PoppinsFont.swift; sourceTree = "<group>"; };
		49DE5EDB29C9DFE700CAA06A /* Input.swift */ = {isa = PBXFileReference; lastKnownFileType = sourcecode.swift; path = Input.swift; sourceTree = "<group>"; };
		49DE5EDD29C9E0A800CAA06A /* Placeholder.swift */ = {isa = PBXFileReference; fileEncoding = 4; lastKnownFileType = sourcecode.swift; path = Placeholder.swift; sourceTree = "<group>"; };
		49DE5EDF29C9E66E00CAA06A /* Button.swift */ = {isa = PBXFileReference; lastKnownFileType = sourcecode.swift; path = Button.swift; sourceTree = "<group>"; };
		49DE5EE329C9F4F600CAA06A /* AuthForm.swift */ = {isa = PBXFileReference; lastKnownFileType = sourcecode.swift; path = AuthForm.swift; sourceTree = "<group>"; };
		49E3001729C8E7B20034CE20 /* NewsApp.app */ = {isa = PBXFileReference; explicitFileType = wrapper.application; includeInIndex = 0; path = NewsApp.app; sourceTree = BUILT_PRODUCTS_DIR; };
		49E3001A29C8E7B20034CE20 /* NewsAppApp.swift */ = {isa = PBXFileReference; lastKnownFileType = sourcecode.swift; path = NewsAppApp.swift; sourceTree = "<group>"; };
		49E3001C29C8E7B20034CE20 /* ContentView.swift */ = {isa = PBXFileReference; lastKnownFileType = sourcecode.swift; path = ContentView.swift; sourceTree = "<group>"; };
		49E3001E29C8E7B40034CE20 /* Assets.xcassets */ = {isa = PBXFileReference; lastKnownFileType = folder.assetcatalog; path = Assets.xcassets; sourceTree = "<group>"; };
		49E3002129C8E7B40034CE20 /* Preview Assets.xcassets */ = {isa = PBXFileReference; lastKnownFileType = folder.assetcatalog; path = "Preview Assets.xcassets"; sourceTree = "<group>"; };
		49E3F81129D433BB00A87F69 /* BookmarkScreen.swift */ = {isa = PBXFileReference; lastKnownFileType = sourcecode.swift; path = BookmarkScreen.swift; sourceTree = "<group>"; };
		49E620D629DDE7C0004BB0D9 /* FollowersFollowingSheet.swift */ = {isa = PBXFileReference; lastKnownFileType = sourcecode.swift; path = FollowersFollowingSheet.swift; sourceTree = "<group>"; };
		49E620D829DDECF0004BB0D9 /* FollowRepository.swift */ = {isa = PBXFileReference; lastKnownFileType = sourcecode.swift; path = FollowRepository.swift; sourceTree = "<group>"; };
/* End PBXFileReference section */

/* Begin PBXFrameworksBuildPhase section */
		49E3001429C8E7B20034CE20 /* Frameworks */ = {
			isa = PBXFrameworksBuildPhase;
			buildActionMask = 2147483647;
			files = (
				49D1AC9C29CB56B9004A651C /* WrappingStack in Frameworks */,
				49D1ACA629CB9981004A651C /* FirebaseAuth in Frameworks */,
				49D1ACA829CB9981004A651C /* FirebaseFirestore in Frameworks */,
				49D1ACAC29CB9981004A651C /* FirebaseStorage in Frameworks */,
				49D1ACAA29CB9981004A651C /* FirebaseFirestoreSwift in Frameworks */,
			);
			runOnlyForDeploymentPostprocessing = 0;
		};
/* End PBXFrameworksBuildPhase section */

/* Begin PBXGroup section */
		4904CA0429D30D5F005D1AA3 /* Search */ = {
			isa = PBXGroup;
			children = (
				49B62E1F29D1C87400E22F71 /* SearchScreen.swift */,
				4904CA0529D30DA2005D1AA3 /* SearchProfileSheet.swift */,
			);
			path = Search;
			sourceTree = "<group>";
		};
		491AD02329DECD4C002212BF /* Utils */ = {
			isa = PBXGroup;
			children = (
				491AD02429DECD65002212BF /* DateFormatter.swift */,
			);
			path = Utils;
			sourceTree = "<group>";
		};
		4927787929D43ED900DDB789 /* Profile */ = {
			isa = PBXGroup;
			children = (
				4927787A29D43F6300DDB789 /* ProfileScreen.swift */,
				499C0B1329D70E4500C70388 /* EditProfileSheet.swift */,
				495E757629DAC5B10026AE2F /* AddPostSheet.swift */,
				49E620D629DDE7C0004BB0D9 /* FollowersFollowingSheet.swift */,
			);
			path = Profile;
			sourceTree = "<group>";
		};
		497C2D7A29C9A96E006BECF2 /* Extensions */ = {
			isa = PBXGroup;
			children = (
				497C2D7B29C9A97F006BECF2 /* Colors.swift */,
				4900C21129E01335000C4355 /* Int.swift */,
			);
			path = Extensions;
			sourceTree = "<group>";
		};
		497C2D8229C9B07F006BECF2 /* Data */ = {
			isa = PBXGroup;
			children = (
				49D1AC9D29CB9300004A651C /* Models */,
				49D1AC9429CB40F4004A651C /* ViewModels */,
				49DE5EC629C9BE5300CAA06A /* Router.swift */,
				497C2D8329C9B0E6006BECF2 /* AuthService.swift */,
			);
			path = Data;
			sourceTree = "<group>";
		};
		497C2D8529C9B3CD006BECF2 /* Screens */ = {
			isa = PBXGroup;
			children = (
				4927787929D43ED900DDB789 /* Profile */,
				4904CA0429D30D5F005D1AA3 /* Search */,
				49B62E1929D1C07100E22F71 /* Home */,
				49D1AC8829CB1028004A651C /* AccountInitialization */,
				497C2D8629C9B3F7006BECF2 /* Auth */,
				49DE5EC829C9BF1C00CAA06A /* NonAuthorizedScreen.swift */,
				49D1AC8429CB096E004A651C /* SplashScreen.swift */,
				49D1AC8629CB0F8C004A651C /* AuthorizedScreen.swift */,
				49E3F81129D433BB00A87F69 /* BookmarkScreen.swift */,
				4927787C29D4507700DDB789 /* SettingsScreen.swift */,
				493DF1EA29D830B600BDD51D /* PostSheet.swift */,
				4900C21729E04E02000C4355 /* PostCommentSheet.swift */,
			);
			path = Screens;
			sourceTree = "<group>";
		};
		497C2D8629C9B3F7006BECF2 /* Auth */ = {
			isa = PBXGroup;
			children = (
				497C2D8729C9B405006BECF2 /* LoginScreen.swift */,
				49DE5ECA29C9C01D00CAA06A /* RegistrationScreen.swift */,
			);
			path = Auth;
			sourceTree = "<group>";
		};
		49B62E1929D1C07100E22F71 /* Home */ = {
			isa = PBXGroup;
			children = (
				4955F6D629CC98AF00DAD480 /* HomeScreen.swift */,
				49B62E1329D09E3E00E22F71 /* NotificationScreen.swift */,
				49B62E1A29D1C08D00E22F71 /* PopularScreen.swift */,
				49B62E1C29D1C0A500E22F71 /* LatestScreen.swift */,
			);
			path = Home;
			sourceTree = "<group>";
		};
		49BA6C4729CF22C000C24E9F /* Cards */ = {
			isa = PBXGroup;
			children = (
				49BA6C4829CF22D200C24E9F /* VerticalCard.swift */,
				49BA6C4A29CF298C00C24E9F /* CardInfo.swift */,
				49BA6C4C29CF2A6400C24E9F /* HorizontalCard.swift */,
				49B62E1529D0AADD00E22F71 /* NotificationCard.swift */,
				49B62E2129D1D1D100E22F71 /* UserCard.swift */,
			);
			path = Cards;
			sourceTree = "<group>";
		};
		49D1AC8829CB1028004A651C /* AccountInitialization */ = {
			isa = PBXGroup;
			children = (
				49D1AC8929CB104E004A651C /* AccountInitialization.swift */,
				49D1AC8B29CB1269004A651C /* InitializationFirstStep.swift */,
				49D1AC8D29CB1280004A651C /* InitializationSecondStep.swift */,
			);
			path = AccountInitialization;
			sourceTree = "<group>";
		};
		49D1AC9129CB37C9004A651C /* Database */ = {
			isa = PBXGroup;
			children = (
				49D1AC9229CB37E5004A651C /* UserRepository.swift */,
				49D1ACAD29CB9A8D004A651C /* Storage.swift */,
				49E620D829DDECF0004BB0D9 /* FollowRepository.swift */,
				491AD01F29DEB89A002212BF /* PostRepository.swift */,
				4900C20D29E00EEC000C4355 /* LikeRepository.swift */,
				4900C20F29E0124A000C4355 /* CommentRepository.swift */,
			);
			path = Database;
			sourceTree = "<group>";
		};
		49D1AC9429CB40F4004A651C /* ViewModels */ = {
			isa = PBXGroup;
			children = (
				49D1AC9529CB4118004A651C /* FollowViewModel.swift */,
				49404B8129E17C260045D84D /* UserProfileViewModel.swift */,
			);
			path = ViewModels;
			sourceTree = "<group>";
		};
		49D1AC9D29CB9300004A651C /* Models */ = {
			isa = PBXGroup;
			children = (
				49D1AC9E29CB9310004A651C /* UserModel.swift */,
				49D1ACA029CB9331004A651C /* FollowModel.swift */,
				491AD02129DEB934002212BF /* PostModel.swift */,
				4900C21329E01480000C4355 /* LikeModel.swift */,
				4900C21529E044AA000C4355 /* CommentModel.swift */,
			);
			path = Models;
			sourceTree = "<group>";
		};
		49DE5ECF29C9D8FF00CAA06A /* Fonts */ = {
			isa = PBXGroup;
			children = (
				49DE5ED029C9D8FF00CAA06A /* Poppins-Regular.ttf */,
				49DE5ED129C9D8FF00CAA06A /* Poppins-Bold.ttf */,
				49DE5ED229C9D8FF00CAA06A /* Poppins-SemiBold.ttf */,
			);
			path = Fonts;
			sourceTree = "<group>";
		};
		49DE5ED729C9DAE200CAA06A /* Modifiers */ = {
			isa = PBXGroup;
			children = (
				49DE5EDD29C9E0A800CAA06A /* Placeholder.swift */,
				49DE5ED829C9DAF400CAA06A /* PoppinsFont.swift */,
				493DF1EC29D83A6500BDD51D /* Shadow.swift */,
			);
			path = Modifiers;
			sourceTree = "<group>";
		};
		49DE5EDA29C9DFD200CAA06A /* Components */ = {
			isa = PBXGroup;
			children = (
				49BA6C4729CF22C000C24E9F /* Cards */,
				49DE5EE229C9F4E200CAA06A /* Auth */,
				49DE5EE129C9F4B200CAA06A /* Common */,
				49BA6C4E29CF2C2F00C24E9F /* NavBar.swift */,
				49B62E1729D1B90500E22F71 /* NavigationTitle.swift */,
				4927787729D43DC300DDB789 /* UserProfile.swift */,
				499C0B1129D70AA100C70388 /* EditProfile.swift */,
				495A7A0429D9A43100347204 /* PostComment.swift */,
			);
			path = Components;
			sourceTree = "<group>";
		};
		49DE5EE129C9F4B200CAA06A /* Common */ = {
			isa = PBXGroup;
			children = (
				49DE5EDB29C9DFE700CAA06A /* Input.swift */,
				49DE5EDF29C9E66E00CAA06A /* Button.swift */,
				490CE8A629CA2A7B00BD2DCD /* Checkbox.swift */,
				49D1ACAF29CBA696004A651C /* Avatar.swift */,
				49BA6C4529CEEFCB00C24E9F /* RemoteImage.swift */,
				4904CA0729D32352005D1AA3 /* Tabs.swift */,
				495E757829DB01E90026AE2F /* Editor.swift */,
			);
			path = Common;
			sourceTree = "<group>";
		};
		49DE5EE229C9F4E200CAA06A /* Auth */ = {
			isa = PBXGroup;
			children = (
				49DE5EE329C9F4F600CAA06A /* AuthForm.swift */,
			);
			path = Auth;
			sourceTree = "<group>";
		};
		49E3000E29C8E7B20034CE20 = {
			isa = PBXGroup;
			children = (
				49E3001929C8E7B20034CE20 /* NewsApp */,
				49E3001829C8E7B20034CE20 /* Products */,
			);
			sourceTree = "<group>";
		};
		49E3001829C8E7B20034CE20 /* Products */ = {
			isa = PBXGroup;
			children = (
				49E3001729C8E7B20034CE20 /* NewsApp.app */,
			);
			name = Products;
			sourceTree = "<group>";
		};
		49E3001929C8E7B20034CE20 /* NewsApp */ = {
			isa = PBXGroup;
			children = (
				491AD02329DECD4C002212BF /* Utils */,
				49D1AC9129CB37C9004A651C /* Database */,
				49DE5EDA29C9DFD200CAA06A /* Components */,
				49DE5ED729C9DAE200CAA06A /* Modifiers */,
				49DE5ED629C9DA0700CAA06A /* Info.plist */,
				49DE5ECF29C9D8FF00CAA06A /* Fonts */,
				497C2D8529C9B3CD006BECF2 /* Screens */,
				497C2D8229C9B07F006BECF2 /* Data */,
				497C2D8029C9B014006BECF2 /* GoogleService-Info.plist */,
				497C2D7A29C9A96E006BECF2 /* Extensions */,
				49E3001A29C8E7B20034CE20 /* NewsAppApp.swift */,
				49E3001C29C8E7B20034CE20 /* ContentView.swift */,
				49E3001E29C8E7B40034CE20 /* Assets.xcassets */,
				49E3002029C8E7B40034CE20 /* Preview Content */,
			);
			path = NewsApp;
			sourceTree = "<group>";
		};
		49E3002029C8E7B40034CE20 /* Preview Content */ = {
			isa = PBXGroup;
			children = (
				49E3002129C8E7B40034CE20 /* Preview Assets.xcassets */,
			);
			path = "Preview Content";
			sourceTree = "<group>";
		};
/* End PBXGroup section */

/* Begin PBXNativeTarget section */
		49E3001629C8E7B20034CE20 /* NewsApp */ = {
			isa = PBXNativeTarget;
			buildConfigurationList = 49E3002529C8E7B40034CE20 /* Build configuration list for PBXNativeTarget "NewsApp" */;
			buildPhases = (
				49E3001329C8E7B20034CE20 /* Sources */,
				49E3001429C8E7B20034CE20 /* Frameworks */,
				49E3001529C8E7B20034CE20 /* Resources */,
			);
			buildRules = (
			);
			dependencies = (
			);
			name = NewsApp;
			packageProductDependencies = (
				49D1AC9B29CB56B9004A651C /* WrappingStack */,
				49D1ACA529CB9981004A651C /* FirebaseAuth */,
				49D1ACA729CB9981004A651C /* FirebaseFirestore */,
				49D1ACA929CB9981004A651C /* FirebaseFirestoreSwift */,
				49D1ACAB29CB9981004A651C /* FirebaseStorage */,
			);
			productName = NewsApp;
			productReference = 49E3001729C8E7B20034CE20 /* NewsApp.app */;
			productType = "com.apple.product-type.application";
		};
/* End PBXNativeTarget section */

/* Begin PBXProject section */
		49E3000F29C8E7B20034CE20 /* Project object */ = {
			isa = PBXProject;
			attributes = {
				BuildIndependentTargetsInParallel = 1;
				LastSwiftUpdateCheck = 1400;
				LastUpgradeCheck = 1400;
				TargetAttributes = {
					49E3001629C8E7B20034CE20 = {
						CreatedOnToolsVersion = 14.0.1;
					};
				};
			};
			buildConfigurationList = 49E3001229C8E7B20034CE20 /* Build configuration list for PBXProject "NewsApp" */;
			compatibilityVersion = "Xcode 14.0";
			developmentRegion = en;
			hasScannedForEncodings = 0;
			knownRegions = (
				en,
				Base,
			);
			mainGroup = 49E3000E29C8E7B20034CE20;
			packageReferences = (
				49D1AC9A29CB56B8004A651C /* XCRemoteSwiftPackageReference "swiftui-wrapping-stack" */,
				49D1ACA429CB9980004A651C /* XCRemoteSwiftPackageReference "firebase-ios-sdk" */,
			);
			productRefGroup = 49E3001829C8E7B20034CE20 /* Products */;
			projectDirPath = "";
			projectRoot = "";
			targets = (
				49E3001629C8E7B20034CE20 /* NewsApp */,
			);
		};
/* End PBXProject section */

/* Begin PBXResourcesBuildPhase section */
		49E3001529C8E7B20034CE20 /* Resources */ = {
			isa = PBXResourcesBuildPhase;
			buildActionMask = 2147483647;
			files = (
				49E3002229C8E7B40034CE20 /* Preview Assets.xcassets in Resources */,
				49E3001F29C8E7B40034CE20 /* Assets.xcassets in Resources */,
				49DE5ED429C9D90000CAA06A /* Poppins-Bold.ttf in Resources */,
				49DE5ED529C9D90000CAA06A /* Poppins-SemiBold.ttf in Resources */,
				497C2D8129C9B014006BECF2 /* GoogleService-Info.plist in Resources */,
				49DE5ED329C9D90000CAA06A /* Poppins-Regular.ttf in Resources */,
			);
			runOnlyForDeploymentPostprocessing = 0;
		};
/* End PBXResourcesBuildPhase section */

/* Begin PBXSourcesBuildPhase section */
		49E3001329C8E7B20034CE20 /* Sources */ = {
			isa = PBXSourcesBuildPhase;
			buildActionMask = 2147483647;
			files = (
				4900C20E29E00EEC000C4355 /* LikeRepository.swift in Sources */,
				49D1AC8729CB0F8C004A651C /* AuthorizedScreen.swift in Sources */,
				49B62E2029D1C87400E22F71 /* SearchScreen.swift in Sources */,
				4927787829D43DC300DDB789 /* UserProfile.swift in Sources */,
				49D1AC8529CB096E004A651C /* SplashScreen.swift in Sources */,
				49BA6C4F29CF2C2F00C24E9F /* NavBar.swift in Sources */,
				49DE5EDC29C9DFE700CAA06A /* Input.swift in Sources */,
				497C2D8429C9B0E6006BECF2 /* AuthService.swift in Sources */,
				495A7A0529D9A43100347204 /* PostComment.swift in Sources */,
				49B62E1B29D1C08D00E22F71 /* PopularScreen.swift in Sources */,
				499C0B1229D70AA100C70388 /* EditProfile.swift in Sources */,
				49E3001D29C8E7B20034CE20 /* ContentView.swift in Sources */,
				4900C21429E01480000C4355 /* LikeModel.swift in Sources */,
				49D1AC9629CB4118004A651C /* FollowViewModel.swift in Sources */,
				499C0B1429D70E4500C70388 /* EditProfileSheet.swift in Sources */,
				493DF1EB29D830B600BDD51D /* PostSheet.swift in Sources */,
				4955F6D729CC98AF00DAD480 /* HomeScreen.swift in Sources */,
				49404B8229E17C260045D84D /* UserProfileViewModel.swift in Sources */,
				4900C21629E044AA000C4355 /* CommentModel.swift in Sources */,
				495E757729DAC5B10026AE2F /* AddPostSheet.swift in Sources */,
				49E3F81229D433BB00A87F69 /* BookmarkScreen.swift in Sources */,
				49BA6C4D29CF2A6400C24E9F /* HorizontalCard.swift in Sources */,
				4904CA0629D30DA2005D1AA3 /* SearchProfileSheet.swift in Sources */,
				497C2D7C29C9A97F006BECF2 /* Colors.swift in Sources */,
				490CE8A729CA2A7B00BD2DCD /* Checkbox.swift in Sources */,
				491AD02229DEB934002212BF /* PostModel.swift in Sources */,
				49BA6C4929CF22D300C24E9F /* VerticalCard.swift in Sources */,
				495E757929DB01E90026AE2F /* Editor.swift in Sources */,
				491AD02529DECD65002212BF /* DateFormatter.swift in Sources */,
				49B62E1829D1B90500E22F71 /* NavigationTitle.swift in Sources */,
				49BA6C4629CEEFCB00C24E9F /* RemoteImage.swift in Sources */,
				4900C21229E01335000C4355 /* Int.swift in Sources */,
				49B62E2229D1D1D100E22F71 /* UserCard.swift in Sources */,
				49DE5EC929C9BF1C00CAA06A /* NonAuthorizedScreen.swift in Sources */,
				49D1ACAE29CB9A8D004A651C /* Storage.swift in Sources */,
				49DE5ED929C9DAF400CAA06A /* PoppinsFont.swift in Sources */,
				49D1AC9F29CB9310004A651C /* UserModel.swift in Sources */,
				4900C21029E0124A000C4355 /* CommentRepository.swift in Sources */,
				49E3001B29C8E7B20034CE20 /* NewsAppApp.swift in Sources */,
				49E620D729DDE7C0004BB0D9 /* FollowersFollowingSheet.swift in Sources */,
				4904CA0829D32352005D1AA3 /* Tabs.swift in Sources */,
				49D1ACB029CBA696004A651C /* Avatar.swift in Sources */,
				49D1AC8C29CB1269004A651C /* InitializationFirstStep.swift in Sources */,
				49D1AC8A29CB104E004A651C /* AccountInitialization.swift in Sources */,
				4927787B29D43F6300DDB789 /* ProfileScreen.swift in Sources */,
				49BA6C4B29CF298C00C24E9F /* CardInfo.swift in Sources */,
				49DE5EE029C9E66E00CAA06A /* Button.swift in Sources */,
				49E620D929DDECF0004BB0D9 /* FollowRepository.swift in Sources */,
				4900C21829E04E02000C4355 /* PostCommentSheet.swift in Sources */,
				49D1AC8E29CB1280004A651C /* InitializationSecondStep.swift in Sources */,
				49DE5EC729C9BE5300CAA06A /* Router.swift in Sources */,
				49DE5EDE29C9E0A800CAA06A /* Placeholder.swift in Sources */,
				491AD02029DEB89A002212BF /* PostRepository.swift in Sources */,
				49B62E1429D09E3E00E22F71 /* NotificationScreen.swift in Sources */,
				49D1AC9329CB37E5004A651C /* UserRepository.swift in Sources */,
				49B62E1D29D1C0A500E22F71 /* LatestScreen.swift in Sources */,
				49DE5ECB29C9C01D00CAA06A /* RegistrationScreen.swift in Sources */,
				49D1ACA129CB9331004A651C /* FollowModel.swift in Sources */,
				4927787D29D4507700DDB789 /* SettingsScreen.swift in Sources */,
				49DE5EE429C9F4F600CAA06A /* AuthForm.swift in Sources */,
				493DF1ED29D83A6500BDD51D /* Shadow.swift in Sources */,
				49B62E1629D0AADD00E22F71 /* NotificationCard.swift in Sources */,
				497C2D8829C9B405006BECF2 /* LoginScreen.swift in Sources */,
			);
			runOnlyForDeploymentPostprocessing = 0;
		};
/* End PBXSourcesBuildPhase section */

/* Begin XCBuildConfiguration section */
		49E3002329C8E7B40034CE20 /* Debug */ = {
			isa = XCBuildConfiguration;
			buildSettings = {
				ALWAYS_SEARCH_USER_PATHS = NO;
				CLANG_ANALYZER_NONNULL = YES;
				CLANG_ANALYZER_NUMBER_OBJECT_CONVERSION = YES_AGGRESSIVE;
				CLANG_CXX_LANGUAGE_STANDARD = "gnu++20";
				CLANG_ENABLE_MODULES = YES;
				CLANG_ENABLE_OBJC_ARC = YES;
				CLANG_ENABLE_OBJC_WEAK = YES;
				CLANG_WARN_BLOCK_CAPTURE_AUTORELEASING = YES;
				CLANG_WARN_BOOL_CONVERSION = YES;
				CLANG_WARN_COMMA = YES;
				CLANG_WARN_CONSTANT_CONVERSION = YES;
				CLANG_WARN_DEPRECATED_OBJC_IMPLEMENTATIONS = YES;
				CLANG_WARN_DIRECT_OBJC_ISA_USAGE = YES_ERROR;
				CLANG_WARN_DOCUMENTATION_COMMENTS = YES;
				CLANG_WARN_EMPTY_BODY = YES;
				CLANG_WARN_ENUM_CONVERSION = YES;
				CLANG_WARN_INFINITE_RECURSION = YES;
				CLANG_WARN_INT_CONVERSION = YES;
				CLANG_WARN_NON_LITERAL_NULL_CONVERSION = YES;
				CLANG_WARN_OBJC_IMPLICIT_RETAIN_SELF = YES;
				CLANG_WARN_OBJC_LITERAL_CONVERSION = YES;
				CLANG_WARN_OBJC_ROOT_CLASS = YES_ERROR;
				CLANG_WARN_QUOTED_INCLUDE_IN_FRAMEWORK_HEADER = YES;
				CLANG_WARN_RANGE_LOOP_ANALYSIS = YES;
				CLANG_WARN_STRICT_PROTOTYPES = YES;
				CLANG_WARN_SUSPICIOUS_MOVE = YES;
				CLANG_WARN_UNGUARDED_AVAILABILITY = YES_AGGRESSIVE;
				CLANG_WARN_UNREACHABLE_CODE = YES;
				CLANG_WARN__DUPLICATE_METHOD_MATCH = YES;
				COPY_PHASE_STRIP = NO;
				DEBUG_INFORMATION_FORMAT = dwarf;
				ENABLE_STRICT_OBJC_MSGSEND = YES;
				ENABLE_TESTABILITY = YES;
				GCC_C_LANGUAGE_STANDARD = gnu11;
				GCC_DYNAMIC_NO_PIC = NO;
				GCC_NO_COMMON_BLOCKS = YES;
				GCC_OPTIMIZATION_LEVEL = 0;
				GCC_PREPROCESSOR_DEFINITIONS = (
					"DEBUG=1",
					"$(inherited)",
				);
				GCC_WARN_64_TO_32_BIT_CONVERSION = YES;
				GCC_WARN_ABOUT_RETURN_TYPE = YES_ERROR;
				GCC_WARN_UNDECLARED_SELECTOR = YES;
				GCC_WARN_UNINITIALIZED_AUTOS = YES_AGGRESSIVE;
				GCC_WARN_UNUSED_FUNCTION = YES;
				GCC_WARN_UNUSED_VARIABLE = YES;
				IPHONEOS_DEPLOYMENT_TARGET = 16.0;
				MTL_ENABLE_DEBUG_INFO = INCLUDE_SOURCE;
				MTL_FAST_MATH = YES;
				ONLY_ACTIVE_ARCH = YES;
				OTHER_LDFLAGS = "";
				SDKROOT = iphoneos;
				SWIFT_ACTIVE_COMPILATION_CONDITIONS = DEBUG;
				SWIFT_OPTIMIZATION_LEVEL = "-Onone";
			};
			name = Debug;
		};
		49E3002429C8E7B40034CE20 /* Release */ = {
			isa = XCBuildConfiguration;
			buildSettings = {
				ALWAYS_SEARCH_USER_PATHS = NO;
				CLANG_ANALYZER_NONNULL = YES;
				CLANG_ANALYZER_NUMBER_OBJECT_CONVERSION = YES_AGGRESSIVE;
				CLANG_CXX_LANGUAGE_STANDARD = "gnu++20";
				CLANG_ENABLE_MODULES = YES;
				CLANG_ENABLE_OBJC_ARC = YES;
				CLANG_ENABLE_OBJC_WEAK = YES;
				CLANG_WARN_BLOCK_CAPTURE_AUTORELEASING = YES;
				CLANG_WARN_BOOL_CONVERSION = YES;
				CLANG_WARN_COMMA = YES;
				CLANG_WARN_CONSTANT_CONVERSION = YES;
				CLANG_WARN_DEPRECATED_OBJC_IMPLEMENTATIONS = YES;
				CLANG_WARN_DIRECT_OBJC_ISA_USAGE = YES_ERROR;
				CLANG_WARN_DOCUMENTATION_COMMENTS = YES;
				CLANG_WARN_EMPTY_BODY = YES;
				CLANG_WARN_ENUM_CONVERSION = YES;
				CLANG_WARN_INFINITE_RECURSION = YES;
				CLANG_WARN_INT_CONVERSION = YES;
				CLANG_WARN_NON_LITERAL_NULL_CONVERSION = YES;
				CLANG_WARN_OBJC_IMPLICIT_RETAIN_SELF = YES;
				CLANG_WARN_OBJC_LITERAL_CONVERSION = YES;
				CLANG_WARN_OBJC_ROOT_CLASS = YES_ERROR;
				CLANG_WARN_QUOTED_INCLUDE_IN_FRAMEWORK_HEADER = YES;
				CLANG_WARN_RANGE_LOOP_ANALYSIS = YES;
				CLANG_WARN_STRICT_PROTOTYPES = YES;
				CLANG_WARN_SUSPICIOUS_MOVE = YES;
				CLANG_WARN_UNGUARDED_AVAILABILITY = YES_AGGRESSIVE;
				CLANG_WARN_UNREACHABLE_CODE = YES;
				CLANG_WARN__DUPLICATE_METHOD_MATCH = YES;
				COPY_PHASE_STRIP = NO;
				DEBUG_INFORMATION_FORMAT = "dwarf-with-dsym";
				ENABLE_NS_ASSERTIONS = NO;
				ENABLE_STRICT_OBJC_MSGSEND = YES;
				GCC_C_LANGUAGE_STANDARD = gnu11;
				GCC_NO_COMMON_BLOCKS = YES;
				GCC_WARN_64_TO_32_BIT_CONVERSION = YES;
				GCC_WARN_ABOUT_RETURN_TYPE = YES_ERROR;
				GCC_WARN_UNDECLARED_SELECTOR = YES;
				GCC_WARN_UNINITIALIZED_AUTOS = YES_AGGRESSIVE;
				GCC_WARN_UNUSED_FUNCTION = YES;
				GCC_WARN_UNUSED_VARIABLE = YES;
				IPHONEOS_DEPLOYMENT_TARGET = 16.0;
				MTL_ENABLE_DEBUG_INFO = NO;
				MTL_FAST_MATH = YES;
				OTHER_LDFLAGS = "";
				SDKROOT = iphoneos;
				SWIFT_COMPILATION_MODE = wholemodule;
				SWIFT_OPTIMIZATION_LEVEL = "-O";
				VALIDATE_PRODUCT = YES;
			};
			name = Release;
		};
		49E3002629C8E7B40034CE20 /* Debug */ = {
			isa = XCBuildConfiguration;
			buildSettings = {
				ASSETCATALOG_COMPILER_APPICON_NAME = AppIcon;
				ASSETCATALOG_COMPILER_GLOBAL_ACCENT_COLOR_NAME = AccentColor;
				CODE_SIGN_STYLE = Automatic;
				CURRENT_PROJECT_VERSION = 1;
				DEVELOPMENT_ASSET_PATHS = "\"NewsApp/Preview Content\"";
				DEVELOPMENT_TEAM = L7WZ2C2ZY5;
				ENABLE_PREVIEWS = YES;
				GENERATE_INFOPLIST_FILE = YES;
				INFOPLIST_FILE = NewsApp/Info.plist;
				INFOPLIST_KEY_UIApplicationSceneManifest_Generation = YES;
				INFOPLIST_KEY_UIApplicationSupportsIndirectInputEvents = YES;
				INFOPLIST_KEY_UILaunchScreen_Generation = YES;
				INFOPLIST_KEY_UISupportedInterfaceOrientations_iPad = "UIInterfaceOrientationPortrait UIInterfaceOrientationPortraitUpsideDown UIInterfaceOrientationLandscapeLeft UIInterfaceOrientationLandscapeRight";
				INFOPLIST_KEY_UISupportedInterfaceOrientations_iPhone = "UIInterfaceOrientationPortrait UIInterfaceOrientationLandscapeLeft UIInterfaceOrientationLandscapeRight";
				LD_RUNPATH_SEARCH_PATHS = (
					"$(inherited)",
					"@executable_path/Frameworks",
				);
				MARKETING_VERSION = 1.0;
				OTHER_LIBTOOLFLAGS = "-XCExpApple true -WLinkingC true -XCBuildForPre true";
				PRODUCT_BUNDLE_IDENTIFIER = com.andrey779evseev.NewsApp;
				PRODUCT_NAME = "$(TARGET_NAME)";
				SWIFT_EMIT_LOC_STRINGS = YES;
				SWIFT_VERSION = 5.0;
				TARGETED_DEVICE_FAMILY = "1,2";
			};
			name = Debug;
		};
		49E3002729C8E7B40034CE20 /* Release */ = {
			isa = XCBuildConfiguration;
			buildSettings = {
				ASSETCATALOG_COMPILER_APPICON_NAME = AppIcon;
				ASSETCATALOG_COMPILER_GLOBAL_ACCENT_COLOR_NAME = AccentColor;
				CODE_SIGN_STYLE = Automatic;
				CURRENT_PROJECT_VERSION = 1;
				DEVELOPMENT_ASSET_PATHS = "\"NewsApp/Preview Content\"";
				DEVELOPMENT_TEAM = L7WZ2C2ZY5;
				ENABLE_PREVIEWS = YES;
				GENERATE_INFOPLIST_FILE = YES;
				INFOPLIST_FILE = NewsApp/Info.plist;
				INFOPLIST_KEY_UIApplicationSceneManifest_Generation = YES;
				INFOPLIST_KEY_UIApplicationSupportsIndirectInputEvents = YES;
				INFOPLIST_KEY_UILaunchScreen_Generation = YES;
				INFOPLIST_KEY_UISupportedInterfaceOrientations_iPad = "UIInterfaceOrientationPortrait UIInterfaceOrientationPortraitUpsideDown UIInterfaceOrientationLandscapeLeft UIInterfaceOrientationLandscapeRight";
				INFOPLIST_KEY_UISupportedInterfaceOrientations_iPhone = "UIInterfaceOrientationPortrait UIInterfaceOrientationLandscapeLeft UIInterfaceOrientationLandscapeRight";
				LD_RUNPATH_SEARCH_PATHS = (
					"$(inherited)",
					"@executable_path/Frameworks",
				);
				MARKETING_VERSION = 1.0;
				OTHER_LIBTOOLFLAGS = "-XCExpApple true -WLinkingC true -XCBuildForPre true";
				PRODUCT_BUNDLE_IDENTIFIER = com.andrey779evseev.NewsApp;
				PRODUCT_NAME = "$(TARGET_NAME)";
				SWIFT_EMIT_LOC_STRINGS = YES;
				SWIFT_VERSION = 5.0;
				TARGETED_DEVICE_FAMILY = "1,2";
			};
			name = Release;
		};
/* End XCBuildConfiguration section */

/* Begin XCConfigurationList section */
		49E3001229C8E7B20034CE20 /* Build configuration list for PBXProject "NewsApp" */ = {
			isa = XCConfigurationList;
			buildConfigurations = (
				49E3002329C8E7B40034CE20 /* Debug */,
				49E3002429C8E7B40034CE20 /* Release */,
			);
			defaultConfigurationIsVisible = 0;
			defaultConfigurationName = Release;
		};
		49E3002529C8E7B40034CE20 /* Build configuration list for PBXNativeTarget "NewsApp" */ = {
			isa = XCConfigurationList;
			buildConfigurations = (
				49E3002629C8E7B40034CE20 /* Debug */,
				49E3002729C8E7B40034CE20 /* Release */,
			);
			defaultConfigurationIsVisible = 0;
			defaultConfigurationName = Release;
		};
/* End XCConfigurationList section */

/* Begin XCRemoteSwiftPackageReference section */
		49D1AC9A29CB56B8004A651C /* XCRemoteSwiftPackageReference "swiftui-wrapping-stack" */ = {
			isa = XCRemoteSwiftPackageReference;
			repositoryURL = "https://github.com/diniska/swiftui-wrapping-stack";
			requirement = {
				kind = upToNextMajorVersion;
				minimumVersion = 1.0.0;
			};
		};
		49D1ACA429CB9980004A651C /* XCRemoteSwiftPackageReference "firebase-ios-sdk" */ = {
			isa = XCRemoteSwiftPackageReference;
			repositoryURL = "https://github.com/firebase/firebase-ios-sdk";
			requirement = {
				branch = master;
				kind = branch;
			};
		};
/* End XCRemoteSwiftPackageReference section */

/* Begin XCSwiftPackageProductDependency section */
		49D1AC9B29CB56B9004A651C /* WrappingStack */ = {
			isa = XCSwiftPackageProductDependency;
			package = 49D1AC9A29CB56B8004A651C /* XCRemoteSwiftPackageReference "swiftui-wrapping-stack" */;
			productName = WrappingStack;
		};
		49D1ACA529CB9981004A651C /* FirebaseAuth */ = {
			isa = XCSwiftPackageProductDependency;
			package = 49D1ACA429CB9980004A651C /* XCRemoteSwiftPackageReference "firebase-ios-sdk" */;
			productName = FirebaseAuth;
		};
		49D1ACA729CB9981004A651C /* FirebaseFirestore */ = {
			isa = XCSwiftPackageProductDependency;
			package = 49D1ACA429CB9980004A651C /* XCRemoteSwiftPackageReference "firebase-ios-sdk" */;
			productName = FirebaseFirestore;
		};
		49D1ACA929CB9981004A651C /* FirebaseFirestoreSwift */ = {
			isa = XCSwiftPackageProductDependency;
			package = 49D1ACA429CB9980004A651C /* XCRemoteSwiftPackageReference "firebase-ios-sdk" */;
			productName = FirebaseFirestoreSwift;
		};
		49D1ACAB29CB9981004A651C /* FirebaseStorage */ = {
			isa = XCSwiftPackageProductDependency;
			package = 49D1ACA429CB9980004A651C /* XCRemoteSwiftPackageReference "firebase-ios-sdk" */;
			productName = FirebaseStorage;
		};
/* End XCSwiftPackageProductDependency section */
	};
	rootObject = 49E3000F29C8E7B20034CE20 /* Project object */;
}
